
Microsoft Visual Studio Solution File, Format Version 12.00
# Visual Studio Version 17
VisualStudioVersion = 17.10.34928.147
MinimumVisualStudioVersion = 10.0.40219.1
Project("{9A19103F-16F7-4668-BE54-9A1E7A4F7556}") = "A single-threaded", "A single-threaded\A single-threaded.csproj", "{7C0A326C-ECBD-4846-8362-B60D912CC5DE}"
EndProject
Project("{9A19103F-16F7-4668-BE54-9A1E7A4F7556}") = "Multithreaded", "Multithreaded\Multithreaded.csproj", "{9EBB9FE7-E7EF-4FE8-BD9A-657EF0A6BECE}"
EndProject
Project("{9A19103F-16F7-4668-BE54-9A1E7A4F7556}") = "ThreadPool", "ThreadPool\ThreadPool.csproj", "{6A922F8D-3595-4EF5-A8EA-88BFC7685276}"
EndProject
Project("{9A19103F-16F7-4668-BE54-9A1E7A4F7556}") = "Task class", "Task class\Task class.csproj", "{6DE47FC2-957F-440C-A8F7-9906EE0F12C1}"
EndProject
Project("{9A19103F-16F7-4668-BE54-9A1E7A4F7556}") = "EXERCISE_Tasks&waiting", "EXERCISE_Tasks&waiting\EXERCISE_Tasks&waiting.csproj", "{816B352F-BDF5-4E9F-8B2D-655AE9DDF88B}"
EndProject
Project("{9A19103F-16F7-4668-BE54-9A1E7A4F7556}") = "Continuations", "Continuations\Continuations.csproj", "{073E1914-7C02-4639-80C0-E6E4B46C4BC0}"
EndProject
Project("{9A19103F-16F7-4668-BE54-9A1E7A4F7556}") = "EXERCISE_Continuations", "EXERCISE_Continuations\EXERCISE_Continuations.csproj", "{F964915E-D2A7-4DA1-AEB6-3541B83F4A35}"
EndProject
Project("{9A19103F-16F7-4668-BE54-9A1E7A4F7556}") = "Canceling a Task", "Canceling a Task\Canceling a Task.csproj", "{FB38D4C3-56E4-4894-801C-5C51107ACB6C}"
EndProject
Project("{9A19103F-16F7-4668-BE54-9A1E7A4F7556}") = "Exceptions", "Exceptions\Exceptions.csproj", "{43D18385-9565-407C-B16F-65258573C8B5}"
EndProject
Project("{FAE04EC0-301F-11D3-BF4B-00C04F79EFBC}") = "Async await", "Async await\Async await.csproj", "{DC3993D9-CA1C-47C6-82CB-946CF3442E95}"
EndProject
Project("{FAE04EC0-301F-11D3-BF4B-00C04F79EFBC}") = "Async_await&threads", "Async_await&threads\Async_await&threads.csproj", "{5E4F6512-F6EF-4A1A-A5EA-0E6205A9142D}"
EndProject
Project("{FAE04EC0-301F-11D3-BF4B-00C04F79EFBC}") = "Async_await practice", "Async_await practice\Async_await practice.csproj", "{34055A7E-94D3-4080-A6F5-AA3A17EC4665}"
EndProject
Global
	GlobalSection(SolutionConfigurationPlatforms) = preSolution
		Debug|Any CPU = Debug|Any CPU
		Release|Any CPU = Release|Any CPU
	EndGlobalSection
	GlobalSection(ProjectConfigurationPlatforms) = postSolution
		{7C0A326C-ECBD-4846-8362-B60D912CC5DE}.Debug|Any CPU.ActiveCfg = Debug|Any CPU
		{7C0A326C-ECBD-4846-8362-B60D912CC5DE}.Debug|Any CPU.Build.0 = Debug|Any CPU
		{7C0A326C-ECBD-4846-8362-B60D912CC5DE}.Release|Any CPU.ActiveCfg = Release|Any CPU
		{7C0A326C-ECBD-4846-8362-B60D912CC5DE}.Release|Any CPU.Build.0 = Release|Any CPU
		{9EBB9FE7-E7EF-4FE8-BD9A-657EF0A6BECE}.Debug|Any CPU.ActiveCfg = Debug|Any CPU
		{9EBB9FE7-E7EF-4FE8-BD9A-657EF0A6BECE}.Debug|Any CPU.Build.0 = Debug|Any CPU
		{9EBB9FE7-E7EF-4FE8-BD9A-657EF0A6BECE}.Release|Any CPU.ActiveCfg = Release|Any CPU
		{9EBB9FE7-E7EF-4FE8-BD9A-657EF0A6BECE}.Release|Any CPU.Build.0 = Release|Any CPU
		{6A922F8D-3595-4EF5-A8EA-88BFC7685276}.Debug|Any CPU.ActiveCfg = Debug|Any CPU
		{6A922F8D-3595-4EF5-A8EA-88BFC7685276}.Debug|Any CPU.Build.0 = Debug|Any CPU
		{6A922F8D-3595-4EF5-A8EA-88BFC7685276}.Release|Any CPU.ActiveCfg = Release|Any CPU
		{6A922F8D-3595-4EF5-A8EA-88BFC7685276}.Release|Any CPU.Build.0 = Release|Any CPU
		{6DE47FC2-957F-440C-A8F7-9906EE0F12C1}.Debug|Any CPU.ActiveCfg = Debug|Any CPU
		{6DE47FC2-957F-440C-A8F7-9906EE0F12C1}.Debug|Any CPU.Build.0 = Debug|Any CPU
		{6DE47FC2-957F-440C-A8F7-9906EE0F12C1}.Release|Any CPU.ActiveCfg = Release|Any CPU
		{6DE47FC2-957F-440C-A8F7-9906EE0F12C1}.Release|Any CPU.Build.0 = Release|Any CPU
		{816B352F-BDF5-4E9F-8B2D-655AE9DDF88B}.Debug|Any CPU.ActiveCfg = Debug|Any CPU
		{816B352F-BDF5-4E9F-8B2D-655AE9DDF88B}.Debug|Any CPU.Build.0 = Debug|Any CPU
		{816B352F-BDF5-4E9F-8B2D-655AE9DDF88B}.Release|Any CPU.ActiveCfg = Release|Any CPU
		{816B352F-BDF5-4E9F-8B2D-655AE9DDF88B}.Release|Any CPU.Build.0 = Release|Any CPU
		{073E1914-7C02-4639-80C0-E6E4B46C4BC0}.Debug|Any CPU.ActiveCfg = Debug|Any CPU
		{073E1914-7C02-4639-80C0-E6E4B46C4BC0}.Debug|Any CPU.Build.0 = Debug|Any CPU
		{073E1914-7C02-4639-80C0-E6E4B46C4BC0}.Release|Any CPU.ActiveCfg = Release|Any CPU
		{073E1914-7C02-4639-80C0-E6E4B46C4BC0}.Release|Any CPU.Build.0 = Release|Any CPU
		{F964915E-D2A7-4DA1-AEB6-3541B83F4A35}.Debug|Any CPU.ActiveCfg = Debug|Any CPU
		{F964915E-D2A7-4DA1-AEB6-3541B83F4A35}.Debug|Any CPU.Build.0 = Debug|Any CPU
		{F964915E-D2A7-4DA1-AEB6-3541B83F4A35}.Release|Any CPU.ActiveCfg = Release|Any CPU
		{F964915E-D2A7-4DA1-AEB6-3541B83F4A35}.Release|Any CPU.Build.0 = Release|Any CPU
		{FB38D4C3-56E4-4894-801C-5C51107ACB6C}.Debug|Any CPU.ActiveCfg = Debug|Any CPU
		{FB38D4C3-56E4-4894-801C-5C51107ACB6C}.Debug|Any CPU.Build.0 = Debug|Any CPU
		{FB38D4C3-56E4-4894-801C-5C51107ACB6C}.Release|Any CPU.ActiveCfg = Release|Any CPU
		{FB38D4C3-56E4-4894-801C-5C51107ACB6C}.Release|Any CPU.Build.0 = Release|Any CPU
		{43D18385-9565-407C-B16F-65258573C8B5}.Debug|Any CPU.ActiveCfg = Debug|Any CPU
		{43D18385-9565-407C-B16F-65258573C8B5}.Debug|Any CPU.Build.0 = Debug|Any CPU
		{43D18385-9565-407C-B16F-65258573C8B5}.Release|Any CPU.ActiveCfg = Release|Any CPU
		{43D18385-9565-407C-B16F-65258573C8B5}.Release|Any CPU.Build.0 = Release|Any CPU
		{DC3993D9-CA1C-47C6-82CB-946CF3442E95}.Debug|Any CPU.ActiveCfg = Debug|Any CPU
		{DC3993D9-CA1C-47C6-82CB-946CF3442E95}.Debug|Any CPU.Build.0 = Debug|Any CPU
		{DC3993D9-CA1C-47C6-82CB-946CF3442E95}.Release|Any CPU.ActiveCfg = Release|Any CPU
		{DC3993D9-CA1C-47C6-82CB-946CF3442E95}.Release|Any CPU.Build.0 = Release|Any CPU
		{5E4F6512-F6EF-4A1A-A5EA-0E6205A9142D}.Debug|Any CPU.ActiveCfg = Debug|Any CPU
		{5E4F6512-F6EF-4A1A-A5EA-0E6205A9142D}.Debug|Any CPU.Build.0 = Debug|Any CPU
		{5E4F6512-F6EF-4A1A-A5EA-0E6205A9142D}.Release|Any CPU.ActiveCfg = Release|Any CPU
		{5E4F6512-F6EF-4A1A-A5EA-0E6205A9142D}.Release|Any CPU.Build.0 = Release|Any CPU
		{34055A7E-94D3-4080-A6F5-AA3A17EC4665}.Debug|Any CPU.ActiveCfg = Debug|Any CPU
		{34055A7E-94D3-4080-A6F5-AA3A17EC4665}.Debug|Any CPU.Build.0 = Debug|Any CPU
		{34055A7E-94D3-4080-A6F5-AA3A17EC4665}.Release|Any CPU.ActiveCfg = Release|Any CPU
		{34055A7E-94D3-4080-A6F5-AA3A17EC4665}.Release|Any CPU.Build.0 = Release|Any CPU
	EndGlobalSection
	GlobalSection(SolutionProperties) = preSolution
		HideSolutionNode = FALSE
	EndGlobalSection
	GlobalSection(ExtensibilityGlobals) = postSolution
		SolutionGuid = {CCD25D4C-CD7C-45A7-AE8A-0633490C1A32}
	EndGlobalSection
EndGlobal
