
Microsoft Visual Studio Solution File, Format Version 12.00
# Visual Studio Version 17
VisualStudioVersion = 17.10.34928.147
MinimumVisualStudioVersion = 10.0.40219.1
Project("{9A19103F-16F7-4668-BE54-9A1E7A4F7556}") = "A single-threaded", "A single-threaded\A single-threaded.csproj", "{7C0A326C-ECBD-4846-8362-B60D912CC5DE}"
EndProject
Project("{FAE04EC0-301F-11D3-BF4B-00C04F79EFBC}") = "Multithreaded", "Multithreaded\Multithreaded.csproj", "{9EBB9FE7-E7EF-4FE8-BD9A-657EF0A6BECE}"
EndProject
Project("{FAE04EC0-301F-11D3-BF4B-00C04F79EFBC}") = "ThreadPool", "ThreadPool\ThreadPool.csproj", "{6A922F8D-3595-4EF5-A8EA-88BFC7685276}"
EndProject
Project("{FAE04EC0-301F-11D3-BF4B-00C04F79EFBC}") = "Task class", "Task class\Task class.csproj", "{6DE47FC2-957F-440C-A8F7-9906EE0F12C1}"
EndProject
Global
	GlobalSection(SolutionConfigurationPlatforms) = preSolution
		Debug|Any CPU = Debug|Any CPU
		Release|Any CPU = Release|Any CPU
	EndGlobalSection
	GlobalSection(ProjectConfigurationPlatforms) = postSolution
		{7C0A326C-ECBD-4846-8362-B60D912CC5DE}.Debug|Any CPU.ActiveCfg = Debug|Any CPU
		{7C0A326C-ECBD-4846-8362-B60D912CC5DE}.Debug|Any CPU.Build.0 = Debug|Any CPU
		{7C0A326C-ECBD-4846-8362-B60D912CC5DE}.Release|Any CPU.ActiveCfg = Release|Any CPU
		{7C0A326C-ECBD-4846-8362-B60D912CC5DE}.Release|Any CPU.Build.0 = Release|Any CPU
		{9EBB9FE7-E7EF-4FE8-BD9A-657EF0A6BECE}.Debug|Any CPU.ActiveCfg = Debug|Any CPU
		{9EBB9FE7-E7EF-4FE8-BD9A-657EF0A6BECE}.Debug|Any CPU.Build.0 = Debug|Any CPU
		{9EBB9FE7-E7EF-4FE8-BD9A-657EF0A6BECE}.Release|Any CPU.ActiveCfg = Release|Any CPU
		{9EBB9FE7-E7EF-4FE8-BD9A-657EF0A6BECE}.Release|Any CPU.Build.0 = Release|Any CPU
		{6A922F8D-3595-4EF5-A8EA-88BFC7685276}.Debug|Any CPU.ActiveCfg = Debug|Any CPU
		{6A922F8D-3595-4EF5-A8EA-88BFC7685276}.Debug|Any CPU.Build.0 = Debug|Any CPU
		{6A922F8D-3595-4EF5-A8EA-88BFC7685276}.Release|Any CPU.ActiveCfg = Release|Any CPU
		{6A922F8D-3595-4EF5-A8EA-88BFC7685276}.Release|Any CPU.Build.0 = Release|Any CPU
		{6DE47FC2-957F-440C-A8F7-9906EE0F12C1}.Debug|Any CPU.ActiveCfg = Debug|Any CPU
		{6DE47FC2-957F-440C-A8F7-9906EE0F12C1}.Debug|Any CPU.Build.0 = Debug|Any CPU
		{6DE47FC2-957F-440C-A8F7-9906EE0F12C1}.Release|Any CPU.ActiveCfg = Release|Any CPU
		{6DE47FC2-957F-440C-A8F7-9906EE0F12C1}.Release|Any CPU.Build.0 = Release|Any CPU
	EndGlobalSection
	GlobalSection(SolutionProperties) = preSolution
		HideSolutionNode = FALSE
	EndGlobalSection
	GlobalSection(ExtensibilityGlobals) = postSolution
		SolutionGuid = {CCD25D4C-CD7C-45A7-AE8A-0633490C1A32}
	EndGlobalSection
EndGlobal
